# This file is automatically @generated by Cargo.
# It is not intended for manual editing.
[[package]]
name = "cc"
version = "1.0.54"
source = "registry+https://github.com/rust-lang/crates.io-index"

[[package]]
name = "cmake"
version = "0.1.44"
source = "registry+https://github.com/rust-lang/crates.io-index"
dependencies = [
 "cc 1.0.54 (registry+https://github.com/rust-lang/crates.io-index)",
]

[[package]]
name = "fs_extra"
version = "1.1.0"
source = "registry+https://github.com/rust-lang/crates.io-index"

[[package]]
name = "jemalloc-sys"
version = "0.3.2"
source = "registry+https://github.com/rust-lang/crates.io-index"
dependencies = [
 "cc 1.0.54 (registry+https://github.com/rust-lang/crates.io-index)",
 "fs_extra 1.1.0 (registry+https://github.com/rust-lang/crates.io-index)",
 "libc 0.2.71 (registry+https://github.com/rust-lang/crates.io-index)",
]

[[package]]
name = "jemallocator"
version = "0.3.2"
source = "registry+https://github.com/rust-lang/crates.io-index"
dependencies = [
 "jemalloc-sys 0.3.2 (registry+https://github.com/rust-lang/crates.io-index)",
 "libc 0.2.71 (registry+https://github.com/rust-lang/crates.io-index)",
]

[[package]]
name = "libc"
version = "0.2.71"
source = "registry+https://github.com/rust-lang/crates.io-index"

[[package]]
name = "libmimalloc-sys"
version = "0.1.15"
source = "registry+https://github.com/rust-lang/crates.io-index"
dependencies = [
 "cmake 0.1.44 (registry+https://github.com/rust-lang/crates.io-index)",
]

[[package]]
name = "mimalloc"
version = "0.1.19"
source = "registry+https://github.com/rust-lang/crates.io-index"
dependencies = [
 "libmimalloc-sys 0.1.15 (registry+https://github.com/rust-lang/crates.io-index)",
]

[[package]]
name = "rust-packaging-example"
version = "0.1.0"
dependencies = [
 "jemallocator 0.3.2 (registry+https://github.com/rust-lang/crates.io-index)",
 "mimalloc 0.1.19 (registry+https://github.com/rust-lang/crates.io-index)",
 "snmalloc-rs 0.2.15 (registry+https://github.com/rust-lang/crates.io-index)",
]

[[package]]
name = "snmalloc-rs"
version = "0.2.15"
source = "registry+https://github.com/rust-lang/crates.io-index"
dependencies = [
 "snmalloc-sys 0.2.15 (registry+https://github.com/rust-lang/crates.io-index)",
]

[[package]]
name = "snmalloc-sys"
version = "0.2.15"
source = "registry+https://github.com/rust-lang/crates.io-index"
dependencies = [
 "cmake 0.1.44 (registry+https://github.com/rust-lang/crates.io-index)",
 "libc 0.2.71 (registry+https://github.com/rust-lang/crates.io-index)",
]

[metadata]
"checksum cc 1.0.54 (registry+https://github.com/rust-lang/crates.io-index)" = "7bbb73db36c1246e9034e307d0fba23f9a2e251faa47ade70c1bd252220c8311"
"checksum cmake 0.1.44 (registry+https://github.com/rust-lang/crates.io-index)" = "0e56268c17a6248366d66d4a47a3381369d068cce8409bb1716ed77ea32163bb"
"checksum fs_extra 1.1.0 (registry+https://github.com/rust-lang/crates.io-index)" = "5f2a4a2034423744d2cc7ca2068453168dcdb82c438419e639a26bd87839c674"
"checksum jemalloc-sys 0.3.2 (registry+https://github.com/rust-lang/crates.io-index)" = "0d3b9f3f5c9b31aa0f5ed3260385ac205db665baa41d49bb8338008ae94ede45"
"checksum jemallocator 0.3.2 (registry+https://github.com/rust-lang/crates.io-index)" = "43ae63fcfc45e99ab3d1b29a46782ad679e98436c3169d15a167a1108a724b69"
"checksum libc 0.2.71 (registry+https://github.com/rust-lang/crates.io-index)" = "9457b06509d27052635f90d6466700c65095fdf75409b3fbdd903e988b886f49"
"checksum libmimalloc-sys 0.1.15 (registry+https://github.com/rust-lang/crates.io-index)" = "a27252ec1d0c4e0dd6142cbc572da50b363ab56fc334f7aa8fadf295b2e24e74"
"checksum mimalloc 0.1.19 (registry+https://github.com/rust-lang/crates.io-index)" = "6c52de2069999f01bd26436564dbe7de3a87898feeb7a0d0ff9eb20a05bb7ca0"
"checksum snmalloc-rs 0.2.15 (registry+https://github.com/rust-lang/crates.io-index)" = "2bab0f6091dcf1122daef44e88108256883ebb638451973964e71786fb74d757"
"checksum snmalloc-sys 0.2.15 (registry+https://github.com/rust-lang/crates.io-index)" = "bf02a1fe106cfea05061462585e3d268b11db314c97f7da886c0e1318c19c78b"
